
Microsoft Visual Studio Solution File, Format Version 12.00
# Visual Studio Version 17
VisualStudioVersion = 17.8.34330.188
MinimumVisualStudioVersion = 10.0.40219.1
Project("{FAE04EC0-301F-11D3-BF4B-00C04F79EFBC}") = "WebApiProject", "WebApiProject.csproj", "{15D80D8A-242B-42BD-B297-913CE75B563E}"
EndProject
Global
	GlobalSection(SolutionConfigurationPlatforms) = preSolution
		Debug|Any CPU = Debug|Any CPU
		Release|Any CPU = Release|Any CPU
	EndGlobalSection
	GlobalSection(ProjectConfigurationPlatforms) = postSolution
		{15D80D8A-242B-42BD-B297-913CE75B563E}.Debug|Any CPU.ActiveCfg = Debug|Any CPU
		{15D80D8A-242B-42BD-B297-913CE75B563E}.Debug|Any CPU.Build.0 = Debug|Any CPU
		{15D80D8A-242B-42BD-B297-913CE75B563E}.Release|Any CPU.ActiveCfg = Release|Any CPU
		{15D80D8A-242B-42BD-B297-913CE75B563E}.Release|Any CPU.Build.0 = Release|Any CPU
	EndGlobalSection
	GlobalSection(SolutionProperties) = preSolution
		HideSolutionNode = FALSE
	EndGlobalSection
	GlobalSection(ExtensibilityGlobals) = postSolution
		SolutionGuid = {3AAF2E87-C634-4FB2-B309-93FF4EFB444D}
	EndGlobalSection
EndGlobal
